
Microsoft Visual Studio Solution File, Format Version 12.00
# Visual Studio Version 17
VisualStudioVersion = 17.7.34031.279
MinimumVisualStudioVersion = 10.0.40219.1
Project("{9A19103F-16F7-4668-BE54-9A1E7A4F7556}") = "Generations.API", "Generations.API\Generations.API.csproj", "{BF04575E-2612-44CE-B52F-9CE827075079}"
EndProject
Project("{2150E333-8FDC-42A3-9474-1A3956D46DE8}") = "Business Logic", "Business Logic", "{6DC563CB-0203-4DE0-9060-4ECF1D4A16A5}"
EndProject
Project("{9A19103F-16F7-4668-BE54-9A1E7A4F7556}") = "Generations.DA", "Generations.DA\Generations.DA.csproj", "{736A91D0-C18D-4255-BBE6-DD445A2AFEF8}"
EndProject
Project("{9A19103F-16F7-4668-BE54-9A1E7A4F7556}") = "Generations.PokemonManager", "Generations.PokemonManager\Generations.PokemonManager.csproj", "{BEE09641-658B-4764-A9CE-B33D1371C4FF}"
EndProject
Project("{9A19103F-16F7-4668-BE54-9A1E7A4F7556}") = "Generations.ItemManager", "Generations.ItemManager\Generations.ItemManager.csproj", "{8DE3FEDB-F03B-42A2-B8B6-B652E1519314}"
EndProject
Project("{FAE04EC0-301F-11D3-BF4B-00C04F79EFBC}") = "Generations.TypeManager", "Generations.TypeManager\Generations.TypeManager.csproj", "{BD8D2BAA-6299-4ED5-A98F-CA4A1C989D09}"
EndProject
Global
	GlobalSection(SolutionConfigurationPlatforms) = preSolution
		Debug|Any CPU = Debug|Any CPU
		Release|Any CPU = Release|Any CPU
	EndGlobalSection
	GlobalSection(ProjectConfigurationPlatforms) = postSolution
		{BF04575E-2612-44CE-B52F-9CE827075079}.Debug|Any CPU.ActiveCfg = Debug|Any CPU
		{BF04575E-2612-44CE-B52F-9CE827075079}.Debug|Any CPU.Build.0 = Debug|Any CPU
		{BF04575E-2612-44CE-B52F-9CE827075079}.Release|Any CPU.ActiveCfg = Release|Any CPU
		{BF04575E-2612-44CE-B52F-9CE827075079}.Release|Any CPU.Build.0 = Release|Any CPU
		{736A91D0-C18D-4255-BBE6-DD445A2AFEF8}.Debug|Any CPU.ActiveCfg = Debug|Any CPU
		{736A91D0-C18D-4255-BBE6-DD445A2AFEF8}.Debug|Any CPU.Build.0 = Debug|Any CPU
		{736A91D0-C18D-4255-BBE6-DD445A2AFEF8}.Release|Any CPU.ActiveCfg = Release|Any CPU
		{736A91D0-C18D-4255-BBE6-DD445A2AFEF8}.Release|Any CPU.Build.0 = Release|Any CPU
		{BEE09641-658B-4764-A9CE-B33D1371C4FF}.Debug|Any CPU.ActiveCfg = Debug|Any CPU
		{BEE09641-658B-4764-A9CE-B33D1371C4FF}.Debug|Any CPU.Build.0 = Debug|Any CPU
		{BEE09641-658B-4764-A9CE-B33D1371C4FF}.Release|Any CPU.ActiveCfg = Release|Any CPU
		{BEE09641-658B-4764-A9CE-B33D1371C4FF}.Release|Any CPU.Build.0 = Release|Any CPU
		{8DE3FEDB-F03B-42A2-B8B6-B652E1519314}.Debug|Any CPU.ActiveCfg = Debug|Any CPU
		{8DE3FEDB-F03B-42A2-B8B6-B652E1519314}.Debug|Any CPU.Build.0 = Debug|Any CPU
		{8DE3FEDB-F03B-42A2-B8B6-B652E1519314}.Release|Any CPU.ActiveCfg = Release|Any CPU
		{8DE3FEDB-F03B-42A2-B8B6-B652E1519314}.Release|Any CPU.Build.0 = Release|Any CPU
		{BD8D2BAA-6299-4ED5-A98F-CA4A1C989D09}.Debug|Any CPU.ActiveCfg = Debug|Any CPU
		{BD8D2BAA-6299-4ED5-A98F-CA4A1C989D09}.Debug|Any CPU.Build.0 = Debug|Any CPU
		{BD8D2BAA-6299-4ED5-A98F-CA4A1C989D09}.Release|Any CPU.ActiveCfg = Release|Any CPU
		{BD8D2BAA-6299-4ED5-A98F-CA4A1C989D09}.Release|Any CPU.Build.0 = Release|Any CPU
	EndGlobalSection
	GlobalSection(SolutionProperties) = preSolution
		HideSolutionNode = FALSE
	EndGlobalSection
	GlobalSection(NestedProjects) = preSolution
		{BEE09641-658B-4764-A9CE-B33D1371C4FF} = {6DC563CB-0203-4DE0-9060-4ECF1D4A16A5}
		{8DE3FEDB-F03B-42A2-B8B6-B652E1519314} = {6DC563CB-0203-4DE0-9060-4ECF1D4A16A5}
		{BD8D2BAA-6299-4ED5-A98F-CA4A1C989D09} = {6DC563CB-0203-4DE0-9060-4ECF1D4A16A5}
	EndGlobalSection
	GlobalSection(ExtensibilityGlobals) = postSolution
		SolutionGuid = {86E6B3F9-5A75-4BF1-8E6C-356D34802D90}
	EndGlobalSection
EndGlobal
